# This file is automatically @generated by Cargo.
# It is not intended for manual editing.
version = 4

[[package]]
name = "tinyalloc"
version = "0.1.0"

[[package]]
name = "tinyalloc-alloc"
version = "0.1.0"

[[package]]
name = "tinyalloc-bitmap"
version = "0.1.0"

[[package]]
name = "tinyalloc-list"
version = "0.1.0"

[[package]]
name = "tinyalloc-sys"
version = "0.1.0"
